// !$*UTF8*$!
{
	archiveVersion = 1;
	classes = {
	};
	objectVersion = 77;
	objects = {

/* Begin PBXBuildFile section */
		0721C4452D0748A700A32EDF /* ContentView.swift in Sources */ = {isa = PBXBuildFile; fileRef = 0721C4422D0748A700A32EDF /* ContentView.swift */; };
		0721C4462D0748A700A32EDF /* KarmonApp.swift in Sources */ = {isa = PBXBuildFile; fileRef = 0721C4432D0748A700A32EDF /* KarmonApp.swift */; };
		0721C4472D0748A700A32EDF /* Preview Assets.xcassets in Resources */ = {isa = PBXBuildFile; fileRef = 0721C43F2D0748A700A32EDF /* Preview Assets.xcassets */; };
		0721C4482D0748A700A32EDF /* Assets.xcassets in Resources */ = {isa = PBXBuildFile; fileRef = 0721C4412D0748A700A32EDF /* Assets.xcassets */; };
		0721C4502D0748FE00A32EDF /* Transaction.swift in Sources */ = {isa = PBXBuildFile; fileRef = 0721C44F2D0748FE00A32EDF /* Transaction.swift */; };
		0721C4522D074E5E00A32EDF /* TransactionsView.swift in Sources */ = {isa = PBXBuildFile; fileRef = 0721C4512D074E5E00A32EDF /* TransactionsView.swift */; };
		0721C4542D07501000A32EDF /* AddTransactionSheetView.swift in Sources */ = {isa = PBXBuildFile; fileRef = 0721C4532D07501000A32EDF /* AddTransactionSheetView.swift */; };
		0721C4732D09877E00A32EDF /* TransactionCellView.swift in Sources */ = {isa = PBXBuildFile; fileRef = 0721C4712D09877E00A32EDF /* TransactionCellView.swift */; };
		0721C49A2D10640F00A32EDF /* SettingsView.swift in Sources */ = {isa = PBXBuildFile; fileRef = 0721C4992D10640F00A32EDF /* SettingsView.swift */; };
		073A73BD2D7BC412004491FF /* Category.swift in Sources */ = {isa = PBXBuildFile; fileRef = 073A73BC2D7BC412004491FF /* Category.swift */; };
		073A73BF2D7BD39D004491FF /* CategorySamples.swift in Sources */ = {isa = PBXBuildFile; fileRef = 073A73BE2D7BD39D004491FF /* CategorySamples.swift */; };
		073A73C12D7BD3B0004491FF /* TransactionSamples.swift in Sources */ = {isa = PBXBuildFile; fileRef = 073A73C02D7BD3B0004491FF /* TransactionSamples.swift */; };
		073A73C32D7BD3C4004491FF /* PreviewContainer.swift in Sources */ = {isa = PBXBuildFile; fileRef = 073A73C22D7BD3C4004491FF /* PreviewContainer.swift */; };
		073B85A52D7F214900DF8156 /* CategoryDataManager.swift in Sources */ = {isa = PBXBuildFile; fileRef = 073B85A42D7F214900DF8156 /* CategoryDataManager.swift */; };
		073B85A72D7F21E400DF8156 /* Constants.swift in Sources */ = {isa = PBXBuildFile; fileRef = 073B85A62D7F21E400DF8156 /* Constants.swift */; };
		073B85CD2D810D8700DF8156 /* CurrencyManager.swift in Sources */ = {isa = PBXBuildFile; fileRef = 073B85CC2D810D8700DF8156 /* CurrencyManager.swift */; };
		073B85D32D83684500DF8156 /* TransactionListView.swift in Sources */ = {isa = PBXBuildFile; fileRef = 073B85D22D83684100DF8156 /* TransactionListView.swift */; };
		0787207B2D7BBE7500F5E399 /* DateFormatter.swift in Sources */ = {isa = PBXBuildFile; fileRef = 078720792D7BBE7500F5E399 /* DateFormatter.swift */; };
		078AAE992D79AAAD0080073E /* CategoriesView.swift in Sources */ = {isa = PBXBuildFile; fileRef = 078AAE982D79AAAD0080073E /* CategoriesView.swift */; };
		078AAE9D2D79F2BE0080073E /* EditTransactionSheetView.swift in Sources */ = {isa = PBXBuildFile; fileRef = 078AAE9C2D79F2BE0080073E /* EditTransactionSheetView.swift */; };
		07B9BFF62D8892D6003D3FE5 /* AddRecurringView.swift in Sources */ = {isa = PBXBuildFile; fileRef = 07B9BFF52D8892D6003D3FE5 /* AddRecurringView.swift */; };
		07FF637A2D846A87008BC8C8 /* MultiDatePicker.swift in Sources */ = {isa = PBXBuildFile; fileRef = 07FF63792D846A87008BC8C8 /* MultiDatePicker.swift */; };
		07FF637C2D860264008BC8C8 /* RecurringPaymentsView.swift in Sources */ = {isa = PBXBuildFile; fileRef = 07FF637B2D860264008BC8C8 /* RecurringPaymentsView.swift */; };
/* End PBXBuildFile section */

/* Begin PBXFileReference section */
		0721C42E2D07489D00A32EDF /* Karmon.app */ = {isa = PBXFileReference; explicitFileType = wrapper.application; includeInIndex = 0; path = Karmon.app; sourceTree = BUILT_PRODUCTS_DIR; };
		0721C43F2D0748A700A32EDF /* Preview Assets.xcassets */ = {isa = PBXFileReference; lastKnownFileType = folder.assetcatalog; path = "Preview Assets.xcassets"; sourceTree = "<group>"; };
		0721C4412D0748A700A32EDF /* Assets.xcassets */ = {isa = PBXFileReference; lastKnownFileType = folder.assetcatalog; path = Assets.xcassets; sourceTree = "<group>"; };
		0721C4422D0748A700A32EDF /* ContentView.swift */ = {isa = PBXFileReference; lastKnownFileType = sourcecode.swift; path = ContentView.swift; sourceTree = "<group>"; };
		0721C4432D0748A700A32EDF /* KarmonApp.swift */ = {isa = PBXFileReference; lastKnownFileType = sourcecode.swift; path = KarmonApp.swift; sourceTree = "<group>"; };
		0721C44F2D0748FE00A32EDF /* Transaction.swift */ = {isa = PBXFileReference; lastKnownFileType = sourcecode.swift; path = Transaction.swift; sourceTree = "<group>"; };
		0721C4512D074E5E00A32EDF /* TransactionsView.swift */ = {isa = PBXFileReference; lastKnownFileType = sourcecode.swift; path = TransactionsView.swift; sourceTree = "<group>"; };
		0721C4532D07501000A32EDF /* AddTransactionSheetView.swift */ = {isa = PBXFileReference; lastKnownFileType = sourcecode.swift; path = AddTransactionSheetView.swift; sourceTree = "<group>"; };
		0721C4712D09877E00A32EDF /* TransactionCellView.swift */ = {isa = PBXFileReference; lastKnownFileType = sourcecode.swift; path = TransactionCellView.swift; sourceTree = "<group>"; };
		0721C4992D10640F00A32EDF /* SettingsView.swift */ = {isa = PBXFileReference; lastKnownFileType = sourcecode.swift; path = SettingsView.swift; sourceTree = "<group>"; };
		073A73BC2D7BC412004491FF /* Category.swift */ = {isa = PBXFileReference; lastKnownFileType = sourcecode.swift; path = Category.swift; sourceTree = "<group>"; };
		073A73BE2D7BD39D004491FF /* CategorySamples.swift */ = {isa = PBXFileReference; lastKnownFileType = sourcecode.swift; path = CategorySamples.swift; sourceTree = "<group>"; };
		073A73C02D7BD3B0004491FF /* TransactionSamples.swift */ = {isa = PBXFileReference; lastKnownFileType = sourcecode.swift; path = TransactionSamples.swift; sourceTree = "<group>"; };
		073A73C22D7BD3C4004491FF /* PreviewContainer.swift */ = {isa = PBXFileReference; lastKnownFileType = sourcecode.swift; path = PreviewContainer.swift; sourceTree = "<group>"; };
		073B85A42D7F214900DF8156 /* CategoryDataManager.swift */ = {isa = PBXFileReference; lastKnownFileType = sourcecode.swift; path = CategoryDataManager.swift; sourceTree = "<group>"; };
		073B85A62D7F21E400DF8156 /* Constants.swift */ = {isa = PBXFileReference; lastKnownFileType = sourcecode.swift; path = Constants.swift; sourceTree = "<group>"; };
		073B85CC2D810D8700DF8156 /* CurrencyManager.swift */ = {isa = PBXFileReference; lastKnownFileType = sourcecode.swift; path = CurrencyManager.swift; sourceTree = "<group>"; };
		073B85D22D83684100DF8156 /* TransactionListView.swift */ = {isa = PBXFileReference; lastKnownFileType = sourcecode.swift; path = TransactionListView.swift; sourceTree = "<group>"; };
		078720792D7BBE7500F5E399 /* DateFormatter.swift */ = {isa = PBXFileReference; lastKnownFileType = sourcecode.swift; path = DateFormatter.swift; sourceTree = "<group>"; };
		078AAE982D79AAAD0080073E /* CategoriesView.swift */ = {isa = PBXFileReference; lastKnownFileType = sourcecode.swift; path = CategoriesView.swift; sourceTree = "<group>"; };
		078AAE9C2D79F2BE0080073E /* EditTransactionSheetView.swift */ = {isa = PBXFileReference; lastKnownFileType = sourcecode.swift; path = EditTransactionSheetView.swift; sourceTree = "<group>"; };
		07B9BFF52D8892D6003D3FE5 /* AddRecurringView.swift */ = {isa = PBXFileReference; lastKnownFileType = sourcecode.swift; path = AddRecurringView.swift; sourceTree = "<group>"; };
		07FF63792D846A87008BC8C8 /* MultiDatePicker.swift */ = {isa = PBXFileReference; lastKnownFileType = sourcecode.swift; path = MultiDatePicker.swift; sourceTree = "<group>"; };
		07FF637B2D860264008BC8C8 /* RecurringPaymentsView.swift */ = {isa = PBXFileReference; lastKnownFileType = sourcecode.swift; path = RecurringPaymentsView.swift; sourceTree = "<group>"; };
/* End PBXFileReference section */

/* Begin PBXFrameworksBuildPhase section */
		0721C42B2D07489D00A32EDF /* Frameworks */ = {
			isa = PBXFrameworksBuildPhase;
			buildActionMask = 2147483647;
			files = (
			);
			runOnlyForDeploymentPostprocessing = 0;
		};
/* End PBXFrameworksBuildPhase section */

/* Begin PBXGroup section */
		0721C4252D07489D00A32EDF = {
			isa = PBXGroup;
			children = (
				0721C4442D0748A700A32EDF /* Karmon */,
				0721C42F2D07489D00A32EDF /* Products */,
			);
			sourceTree = "<group>";
		};
		0721C42F2D07489D00A32EDF /* Products */ = {
			isa = PBXGroup;
			children = (
				0721C42E2D07489D00A32EDF /* Karmon.app */,
			);
			name = Products;
			sourceTree = "<group>";
		};
		0721C4402D0748A700A32EDF /* Preview Content */ = {
			isa = PBXGroup;
			children = (
				0721C43F2D0748A700A32EDF /* Preview Assets.xcassets */,
				073A73BE2D7BD39D004491FF /* CategorySamples.swift */,
				073A73C02D7BD3B0004491FF /* TransactionSamples.swift */,
				073A73C22D7BD3C4004491FF /* PreviewContainer.swift */,
			);
			path = "Preview Content";
			sourceTree = "<group>";
		};
		0721C4442D0748A700A32EDF /* Karmon */ = {
			isa = PBXGroup;
			children = (
				073B85A32D7F213300DF8156 /* Services */,
				0721C44E2D0748CB00A32EDF /* Models */,
				0721C44D2D0748CB00A32EDF /* Views */,
				0721C4722D09877E00A32EDF /* Components */,
				0787207A2D7BBE7500F5E399 /* Extenstions */,
				0721C4402D0748A700A32EDF /* Preview Content */,
				0721C4412D0748A700A32EDF /* Assets.xcassets */,
				0721C4432D0748A700A32EDF /* KarmonApp.swift */,
			);
			path = Karmon;
			sourceTree = "<group>";
		};
		0721C44D2D0748CB00A32EDF /* Views */ = {
			isa = PBXGroup;
			children = (
				0721C4422D0748A700A32EDF /* ContentView.swift */,
				0721C4512D074E5E00A32EDF /* TransactionsView.swift */,
				073B85D22D83684100DF8156 /* TransactionListView.swift */,
				0721C4532D07501000A32EDF /* AddTransactionSheetView.swift */,
				078AAE9C2D79F2BE0080073E /* EditTransactionSheetView.swift */,
				07B9BFF52D8892D6003D3FE5 /* AddRecurringView.swift */,
				0721C4992D10640F00A32EDF /* SettingsView.swift */,
				07FF637B2D860264008BC8C8 /* RecurringPaymentsView.swift */,
				078AAE982D79AAAD0080073E /* CategoriesView.swift */,
			);
			path = Views;
			sourceTree = "<group>";
		};
		0721C44E2D0748CB00A32EDF /* Models */ = {
			isa = PBXGroup;
			children = (
				0721C44F2D0748FE00A32EDF /* Transaction.swift */,
				073A73BC2D7BC412004491FF /* Category.swift */,
			);
			path = Models;
			sourceTree = "<group>";
		};
		0721C4722D09877E00A32EDF /* Components */ = {
			isa = PBXGroup;
			children = (
				0721C4712D09877E00A32EDF /* TransactionCellView.swift */,
				07FF63792D846A87008BC8C8 /* MultiDatePicker.swift */,
			);
			path = Components;
			sourceTree = "<group>";
		};
		073B85A32D7F213300DF8156 /* Services */ = {
			isa = PBXGroup;
			children = (
				073B85A42D7F214900DF8156 /* CategoryDataManager.swift */,
				073B85CC2D810D8700DF8156 /* CurrencyManager.swift */,
				073B85A62D7F21E400DF8156 /* Constants.swift */,
			);
			path = Services;
			sourceTree = "<group>";
		};
		0787207A2D7BBE7500F5E399 /* Extenstions */ = {
			isa = PBXGroup;
			children = (
				078720792D7BBE7500F5E399 /* DateFormatter.swift */,
			);
			path = Extenstions;
			sourceTree = "<group>";
		};
/* End PBXGroup section */

/* Begin PBXNativeTarget section */
		0721C42D2D07489D00A32EDF /* Karmon */ = {
			isa = PBXNativeTarget;
			buildConfigurationList = 0721C43C2D07489E00A32EDF /* Build configuration list for PBXNativeTarget "Karmon" */;
			buildPhases = (
				0721C42A2D07489D00A32EDF /* Sources */,
				0721C42B2D07489D00A32EDF /* Frameworks */,
				0721C42C2D07489D00A32EDF /* Resources */,
			);
			buildRules = (
			);
			dependencies = (
			);
			name = Karmon;
			packageProductDependencies = (
			);
			productName = Karmon;
			productReference = 0721C42E2D07489D00A32EDF /* Karmon.app */;
			productType = "com.apple.product-type.application";
		};
/* End PBXNativeTarget section */

/* Begin PBXProject section */
		0721C4262D07489D00A32EDF /* Project object */ = {
			isa = PBXProject;
			attributes = {
				BuildIndependentTargetsInParallel = 1;
				LastSwiftUpdateCheck = 1600;
				LastUpgradeCheck = 1600;
				TargetAttributes = {
					0721C42D2D07489D00A32EDF = {
						CreatedOnToolsVersion = 16.0;
					};
				};
			};
			buildConfigurationList = 0721C4292D07489D00A32EDF /* Build configuration list for PBXProject "Karmon" */;
			developmentRegion = en;
			hasScannedForEncodings = 0;
			knownRegions = (
				en,
				Base,
			);
			mainGroup = 0721C4252D07489D00A32EDF;
			minimizedProjectReferenceProxies = 1;
			preferredProjectObjectVersion = 77;
			productRefGroup = 0721C42F2D07489D00A32EDF /* Products */;
			projectDirPath = "";
			projectRoot = "";
			targets = (
				0721C42D2D07489D00A32EDF /* Karmon */,
			);
		};
/* End PBXProject section */

/* Begin PBXResourcesBuildPhase section */
		0721C42C2D07489D00A32EDF /* Resources */ = {
			isa = PBXResourcesBuildPhase;
			buildActionMask = 2147483647;
			files = (
				0721C4472D0748A700A32EDF /* Preview Assets.xcassets in Resources */,
				0721C4482D0748A700A32EDF /* Assets.xcassets in Resources */,
			);
			runOnlyForDeploymentPostprocessing = 0;
		};
/* End PBXResourcesBuildPhase section */

/* Begin PBXSourcesBuildPhase section */
		0721C42A2D07489D00A32EDF /* Sources */ = {
			isa = PBXSourcesBuildPhase;
			buildActionMask = 2147483647;
			files = (
				078AAE9D2D79F2BE0080073E /* EditTransactionSheetView.swift in Sources */,
				073A73C12D7BD3B0004491FF /* TransactionSamples.swift in Sources */,
				073B85CD2D810D8700DF8156 /* CurrencyManager.swift in Sources */,
				0721C4452D0748A700A32EDF /* ContentView.swift in Sources */,
				0787207B2D7BBE7500F5E399 /* DateFormatter.swift in Sources */,
				0721C4542D07501000A32EDF /* AddTransactionSheetView.swift in Sources */,
				07FF637C2D860264008BC8C8 /* RecurringPaymentsView.swift in Sources */,
				073B85D32D83684500DF8156 /* TransactionListView.swift in Sources */,
				0721C4522D074E5E00A32EDF /* TransactionsView.swift in Sources */,
				078AAE992D79AAAD0080073E /* CategoriesView.swift in Sources */,
				073B85A72D7F21E400DF8156 /* Constants.swift in Sources */,
				07FF637A2D846A87008BC8C8 /* MultiDatePicker.swift in Sources */,
				0721C4462D0748A700A32EDF /* KarmonApp.swift in Sources */,
				073A73BF2D7BD39D004491FF /* CategorySamples.swift in Sources */,
				0721C49A2D10640F00A32EDF /* SettingsView.swift in Sources */,
				0721C4732D09877E00A32EDF /* TransactionCellView.swift in Sources */,
				073B85A52D7F214900DF8156 /* CategoryDataManager.swift in Sources */,
				0721C4502D0748FE00A32EDF /* Transaction.swift in Sources */,
				073A73C32D7BD3C4004491FF /* PreviewContainer.swift in Sources */,
				073A73BD2D7BC412004491FF /* Category.swift in Sources */,
				07B9BFF62D8892D6003D3FE5 /* AddRecurringView.swift in Sources */,
			);
			runOnlyForDeploymentPostprocessing = 0;
		};
/* End PBXSourcesBuildPhase section */

/* Begin XCBuildConfiguration section */
		0721C43A2D07489E00A32EDF /* Debug */ = {
			isa = XCBuildConfiguration;
			buildSettings = {
				ALWAYS_SEARCH_USER_PATHS = NO;
				ASSETCATALOG_COMPILER_GENERATE_SWIFT_ASSET_SYMBOL_EXTENSIONS = YES;
				CLANG_ANALYZER_NONNULL = YES;
				CLANG_ANALYZER_NUMBER_OBJECT_CONVERSION = YES_AGGRESSIVE;
				CLANG_CXX_LANGUAGE_STANDARD = "gnu++20";
				CLANG_ENABLE_MODULES = YES;
				CLANG_ENABLE_OBJC_ARC = YES;
				CLANG_ENABLE_OBJC_WEAK = YES;
				CLANG_WARN_BLOCK_CAPTURE_AUTORELEASING = YES;
				CLANG_WARN_BOOL_CONVERSION = YES;
				CLANG_WARN_COMMA = YES;
				CLANG_WARN_CONSTANT_CONVERSION = YES;
				CLANG_WARN_DEPRECATED_OBJC_IMPLEMENTATIONS = YES;
				CLANG_WARN_DIRECT_OBJC_ISA_USAGE = YES_ERROR;
				CLANG_WARN_DOCUMENTATION_COMMENTS = YES;
				CLANG_WARN_EMPTY_BODY = YES;
				CLANG_WARN_ENUM_CONVERSION = YES;
				CLANG_WARN_INFINITE_RECURSION = YES;
				CLANG_WARN_INT_CONVERSION = YES;
				CLANG_WARN_NON_LITERAL_NULL_CONVERSION = YES;
				CLANG_WARN_OBJC_IMPLICIT_RETAIN_SELF = YES;
				CLANG_WARN_OBJC_LITERAL_CONVERSION = YES;
				CLANG_WARN_OBJC_ROOT_CLASS = YES_ERROR;
				CLANG_WARN_QUOTED_INCLUDE_IN_FRAMEWORK_HEADER = YES;
				CLANG_WARN_RANGE_LOOP_ANALYSIS = YES;
				CLANG_WARN_STRICT_PROTOTYPES = YES;
				CLANG_WARN_SUSPICIOUS_MOVE = YES;
				CLANG_WARN_UNGUARDED_AVAILABILITY = YES_AGGRESSIVE;
				CLANG_WARN_UNREACHABLE_CODE = YES;
				CLANG_WARN__DUPLICATE_METHOD_MATCH = YES;
				COPY_PHASE_STRIP = NO;
				DEBUG_INFORMATION_FORMAT = dwarf;
				ENABLE_STRICT_OBJC_MSGSEND = YES;
				ENABLE_TESTABILITY = YES;
				ENABLE_USER_SCRIPT_SANDBOXING = YES;
				GCC_C_LANGUAGE_STANDARD = gnu17;
				GCC_DYNAMIC_NO_PIC = NO;
				GCC_NO_COMMON_BLOCKS = YES;
				GCC_OPTIMIZATION_LEVEL = 0;
				GCC_PREPROCESSOR_DEFINITIONS = (
					"DEBUG=1",
					"$(inherited)",
				);
				GCC_WARN_64_TO_32_BIT_CONVERSION = YES;
				GCC_WARN_ABOUT_RETURN_TYPE = YES_ERROR;
				GCC_WARN_UNDECLARED_SELECTOR = YES;
				GCC_WARN_UNINITIALIZED_AUTOS = YES_AGGRESSIVE;
				GCC_WARN_UNUSED_FUNCTION = YES;
				GCC_WARN_UNUSED_VARIABLE = YES;
				IPHONEOS_DEPLOYMENT_TARGET = 18.0;
				LOCALIZATION_PREFERS_STRING_CATALOGS = YES;
				MTL_ENABLE_DEBUG_INFO = INCLUDE_SOURCE;
				MTL_FAST_MATH = YES;
				ONLY_ACTIVE_ARCH = YES;
				SDKROOT = iphoneos;
				SWIFT_ACTIVE_COMPILATION_CONDITIONS = "DEBUG $(inherited)";
				SWIFT_OPTIMIZATION_LEVEL = "-Onone";
			};
			name = Debug;
		};
		0721C43B2D07489E00A32EDF /* Release */ = {
			isa = XCBuildConfiguration;
			buildSettings = {
				ALWAYS_SEARCH_USER_PATHS = NO;
				ASSETCATALOG_COMPILER_GENERATE_SWIFT_ASSET_SYMBOL_EXTENSIONS = YES;
				CLANG_ANALYZER_NONNULL = YES;
				CLANG_ANALYZER_NUMBER_OBJECT_CONVERSION = YES_AGGRESSIVE;
				CLANG_CXX_LANGUAGE_STANDARD = "gnu++20";
				CLANG_ENABLE_MODULES = YES;
				CLANG_ENABLE_OBJC_ARC = YES;
				CLANG_ENABLE_OBJC_WEAK = YES;
				CLANG_WARN_BLOCK_CAPTURE_AUTORELEASING = YES;
				CLANG_WARN_BOOL_CONVERSION = YES;
				CLANG_WARN_COMMA = YES;
				CLANG_WARN_CONSTANT_CONVERSION = YES;
				CLANG_WARN_DEPRECATED_OBJC_IMPLEMENTATIONS = YES;
				CLANG_WARN_DIRECT_OBJC_ISA_USAGE = YES_ERROR;
				CLANG_WARN_DOCUMENTATION_COMMENTS = YES;
				CLANG_WARN_EMPTY_BODY = YES;
				CLANG_WARN_ENUM_CONVERSION = YES;
				CLANG_WARN_INFINITE_RECURSION = YES;
				CLANG_WARN_INT_CONVERSION = YES;
				CLANG_WARN_NON_LITERAL_NULL_CONVERSION = YES;
				CLANG_WARN_OBJC_IMPLICIT_RETAIN_SELF = YES;
				CLANG_WARN_OBJC_LITERAL_CONVERSION = YES;
				CLANG_WARN_OBJC_ROOT_CLASS = YES_ERROR;
				CLANG_WARN_QUOTED_INCLUDE_IN_FRAMEWORK_HEADER = YES;
				CLANG_WARN_RANGE_LOOP_ANALYSIS = YES;
				CLANG_WARN_STRICT_PROTOTYPES = YES;
				CLANG_WARN_SUSPICIOUS_MOVE = YES;
				CLANG_WARN_UNGUARDED_AVAILABILITY = YES_AGGRESSIVE;
				CLANG_WARN_UNREACHABLE_CODE = YES;
				CLANG_WARN__DUPLICATE_METHOD_MATCH = YES;
				COPY_PHASE_STRIP = NO;
				DEBUG_INFORMATION_FORMAT = "dwarf-with-dsym";
				ENABLE_NS_ASSERTIONS = NO;
				ENABLE_STRICT_OBJC_MSGSEND = YES;
				ENABLE_USER_SCRIPT_SANDBOXING = YES;
				GCC_C_LANGUAGE_STANDARD = gnu17;
				GCC_NO_COMMON_BLOCKS = YES;
				GCC_WARN_64_TO_32_BIT_CONVERSION = YES;
				GCC_WARN_ABOUT_RETURN_TYPE = YES_ERROR;
				GCC_WARN_UNDECLARED_SELECTOR = YES;
				GCC_WARN_UNINITIALIZED_AUTOS = YES_AGGRESSIVE;
				GCC_WARN_UNUSED_FUNCTION = YES;
				GCC_WARN_UNUSED_VARIABLE = YES;
				IPHONEOS_DEPLOYMENT_TARGET = 18.0;
				LOCALIZATION_PREFERS_STRING_CATALOGS = YES;
				MTL_ENABLE_DEBUG_INFO = NO;
				MTL_FAST_MATH = YES;
				SDKROOT = iphoneos;
				SWIFT_COMPILATION_MODE = wholemodule;
				VALIDATE_PRODUCT = YES;
			};
			name = Release;
		};
		0721C43D2D07489E00A32EDF /* Debug */ = {
			isa = XCBuildConfiguration;
			buildSettings = {
				ASSETCATALOG_COMPILER_APPICON_NAME = AppIcon;
				ASSETCATALOG_COMPILER_GLOBAL_ACCENT_COLOR_NAME = AccentColor;
				CODE_SIGN_ENTITLEMENTS = Karmon/KarmonDebug.entitlements;
				CODE_SIGN_STYLE = Automatic;
				CURRENT_PROJECT_VERSION = 2;
				DEVELOPMENT_ASSET_PATHS = "\"Karmon/Preview Content\"";
				DEVELOPMENT_TEAM = BYX59FAGA5;
				ENABLE_PREVIEWS = YES;
				GENERATE_INFOPLIST_FILE = YES;
				INFOPLIST_FILE = Karmon/Info.plist;
				INFOPLIST_KEY_CFBundleDisplayName = Hisobchi;
				INFOPLIST_KEY_LSApplicationCategoryType = "public.app-category.finance";
				INFOPLIST_KEY_UIApplicationSceneManifest_Generation = YES;
				INFOPLIST_KEY_UIApplicationSupportsIndirectInputEvents = YES;
				INFOPLIST_KEY_UILaunchScreen_Generation = YES;
				INFOPLIST_KEY_UISupportedInterfaceOrientations = UIInterfaceOrientationPortrait;
				IPHONEOS_DEPLOYMENT_TARGET = 17.0;
				LD_RUNPATH_SEARCH_PATHS = (
					"$(inherited)",
					"@executable_path/Frameworks",
				);
				MARKETING_VERSION = 0.1;
				PRODUCT_BUNDLE_IDENTIFIER = com.abdusamad.Karmon;
				PRODUCT_NAME = "$(TARGET_NAME)";
				SUPPORTED_PLATFORMS = "iphoneos iphonesimulator";
				SUPPORTS_MACCATALYST = NO;
				SUPPORTS_MAC_DESIGNED_FOR_IPHONE_IPAD = NO;
				SUPPORTS_XR_DESIGNED_FOR_IPHONE_IPAD = NO;
				SWIFT_EMIT_LOC_STRINGS = YES;
				SWIFT_VERSION = 5.0;
				TARGETED_DEVICE_FAMILY = 1;
			};
			name = Debug;
		};
		0721C43E2D07489E00A32EDF /* Release */ = {
			isa = XCBuildConfiguration;
			buildSettings = {
				ASSETCATALOG_COMPILER_APPICON_NAME = AppIcon;
				ASSETCATALOG_COMPILER_GLOBAL_ACCENT_COLOR_NAME = AccentColor;
				CODE_SIGN_ENTITLEMENTS = Karmon/Karmon.entitlements;
				CODE_SIGN_STYLE = Automatic;
				CURRENT_PROJECT_VERSION = 2;
				DEVELOPMENT_ASSET_PATHS = "\"Karmon/Preview Content\"";
				DEVELOPMENT_TEAM = BYX59FAGA5;
				ENABLE_PREVIEWS = YES;
				GENERATE_INFOPLIST_FILE = YES;
				INFOPLIST_FILE = Karmon/Info.plist;
				INFOPLIST_KEY_CFBundleDisplayName = Hisobchi;
				INFOPLIST_KEY_LSApplicationCategoryType = "public.app-category.finance";
				INFOPLIST_KEY_UIApplicationSceneManifest_Generation = YES;
				INFOPLIST_KEY_UIApplicationSupportsIndirectInputEvents = YES;
				INFOPLIST_KEY_UILaunchScreen_Generation = YES;
				INFOPLIST_KEY_UISupportedInterfaceOrientations = UIInterfaceOrientationPortrait;
				IPHONEOS_DEPLOYMENT_TARGET = 17.0;
				LD_RUNPATH_SEARCH_PATHS = (
					"$(inherited)",
					"@executable_path/Frameworks",
				);
				MARKETING_VERSION = 0.1;
				PRODUCT_BUNDLE_IDENTIFIER = com.abdusamad.Karmon;
				PRODUCT_NAME = "$(TARGET_NAME)";
				SUPPORTED_PLATFORMS = "iphoneos iphonesimulator";
				SUPPORTS_MACCATALYST = NO;
				SUPPORTS_MAC_DESIGNED_FOR_IPHONE_IPAD = NO;
				SUPPORTS_XR_DESIGNED_FOR_IPHONE_IPAD = NO;
				SWIFT_EMIT_LOC_STRINGS = YES;
				SWIFT_VERSION = 5.0;
				TARGETED_DEVICE_FAMILY = 1;
			};
			name = Release;
		};
/* End XCBuildConfiguration section */

/* Begin XCConfigurationList section */
		0721C4292D07489D00A32EDF /* Build configuration list for PBXProject "Karmon" */ = {
			isa = XCConfigurationList;
			buildConfigurations = (
				0721C43A2D07489E00A32EDF /* Debug */,
				0721C43B2D07489E00A32EDF /* Release */,
			);
			defaultConfigurationIsVisible = 0;
			defaultConfigurationName = Release;
		};
		0721C43C2D07489E00A32EDF /* Build configuration list for PBXNativeTarget "Karmon" */ = {
			isa = XCConfigurationList;
			buildConfigurations = (
				0721C43D2D07489E00A32EDF /* Debug */,
				0721C43E2D07489E00A32EDF /* Release */,
			);
			defaultConfigurationIsVisible = 0;
			defaultConfigurationName = Release;
		};
/* End XCConfigurationList section */
	};
	rootObject = 0721C4262D07489D00A32EDF /* Project object */;
}
