// !$*UTF8*$!
{
	archiveVersion = 1;
	classes = {
	};
	objectVersion = 77;
	objects = {

/* Begin PBXBuildFile section */
		0721C4452D0748A700A32EDF /* ContentView.swift in Sources */ = {isa = PBXBuildFile; fileRef = 0721C4422D0748A700A32EDF /* ContentView.swift */; };
		0721C4462D0748A700A32EDF /* KarmonApp.swift in Sources */ = {isa = PBXBuildFile; fileRef = 0721C4432D0748A700A32EDF /* KarmonApp.swift */; };
		0721C4472D0748A700A32EDF /* Preview Assets.xcassets in Resources */ = {isa = PBXBuildFile; fileRef = 0721C43F2D0748A700A32EDF /* Preview Assets.xcassets */; };
		0721C4482D0748A700A32EDF /* Assets.xcassets in Resources */ = {isa = PBXBuildFile; fileRef = 0721C4412D0748A700A32EDF /* Assets.xcassets */; };
		0721C4502D0748FE00A32EDF /* Transaction.swift in Sources */ = {isa = PBXBuildFile; fileRef = 0721C44F2D0748FE00A32EDF /* Transaction.swift */; };
		0721C4522D074E5E00A32EDF /* TransactionsView.swift in Sources */ = {isa = PBXBuildFile; fileRef = 0721C4512D074E5E00A32EDF /* TransactionsView.swift */; };
		0721C4542D07501000A32EDF /* AddTransactionSheetView.swift in Sources */ = {isa = PBXBuildFile; fileRef = 0721C4532D07501000A32EDF /* AddTransactionSheetView.swift */; };
		0721C46E2D0871D400A32EDF /* AddTransactionIntent.swift in Sources */ = {isa = PBXBuildFile; fileRef = 0721C46D2D0871D400A32EDF /* AddTransactionIntent.swift */; };
		0721C4732D09877E00A32EDF /* TransactionCellView.swift in Sources */ = {isa = PBXBuildFile; fileRef = 0721C4712D09877E00A32EDF /* TransactionCellView.swift */; };
		0721C4962D0AE48600A32EDF /* TransactionViewModel.swift in Sources */ = {isa = PBXBuildFile; fileRef = 0721C4952D0AE48600A32EDF /* TransactionViewModel.swift */; };
		0721C4982D103CBC00A32EDF /* KarmonShortcutProvider.swift in Sources */ = {isa = PBXBuildFile; fileRef = 0721C4972D103CBC00A32EDF /* KarmonShortcutProvider.swift */; };
		0721C49A2D10640F00A32EDF /* SettingsView.swift in Sources */ = {isa = PBXBuildFile; fileRef = 0721C4992D10640F00A32EDF /* SettingsView.swift */; };
/* End PBXBuildFile section */

/* Begin PBXFileReference section */
		0721C42E2D07489D00A32EDF /* Karmon.app */ = {isa = PBXFileReference; explicitFileType = wrapper.application; includeInIndex = 0; path = Karmon.app; sourceTree = BUILT_PRODUCTS_DIR; };
		0721C43F2D0748A700A32EDF /* Preview Assets.xcassets */ = {isa = PBXFileReference; lastKnownFileType = folder.assetcatalog; path = "Preview Assets.xcassets"; sourceTree = "<group>"; };
		0721C4412D0748A700A32EDF /* Assets.xcassets */ = {isa = PBXFileReference; lastKnownFileType = folder.assetcatalog; path = Assets.xcassets; sourceTree = "<group>"; };
		0721C4422D0748A700A32EDF /* ContentView.swift */ = {isa = PBXFileReference; lastKnownFileType = sourcecode.swift; path = ContentView.swift; sourceTree = "<group>"; };
		0721C4432D0748A700A32EDF /* KarmonApp.swift */ = {isa = PBXFileReference; lastKnownFileType = sourcecode.swift; path = KarmonApp.swift; sourceTree = "<group>"; };
		0721C44F2D0748FE00A32EDF /* Transaction.swift */ = {isa = PBXFileReference; lastKnownFileType = sourcecode.swift; path = Transaction.swift; sourceTree = "<group>"; };
		0721C4512D074E5E00A32EDF /* TransactionsView.swift */ = {isa = PBXFileReference; lastKnownFileType = sourcecode.swift; path = TransactionsView.swift; sourceTree = "<group>"; };
		0721C4532D07501000A32EDF /* AddTransactionSheetView.swift */ = {isa = PBXFileReference; lastKnownFileType = sourcecode.swift; path = AddTransactionSheetView.swift; sourceTree = "<group>"; };
		0721C46D2D0871D400A32EDF /* AddTransactionIntent.swift */ = {isa = PBXFileReference; lastKnownFileType = sourcecode.swift; path = AddTransactionIntent.swift; sourceTree = "<group>"; };
		0721C4712D09877E00A32EDF /* TransactionCellView.swift */ = {isa = PBXFileReference; lastKnownFileType = sourcecode.swift; path = TransactionCellView.swift; sourceTree = "<group>"; };
		0721C4952D0AE48600A32EDF /* TransactionViewModel.swift */ = {isa = PBXFileReference; lastKnownFileType = sourcecode.swift; path = TransactionViewModel.swift; sourceTree = "<group>"; };
		0721C4972D103CBC00A32EDF /* KarmonShortcutProvider.swift */ = {isa = PBXFileReference; lastKnownFileType = sourcecode.swift; path = KarmonShortcutProvider.swift; sourceTree = "<group>"; };
		0721C4992D10640F00A32EDF /* SettingsView.swift */ = {isa = PBXFileReference; lastKnownFileType = sourcecode.swift; path = SettingsView.swift; sourceTree = "<group>"; };
/* End PBXFileReference section */

/* Begin PBXFileSystemSynchronizedRootGroup section */
		0721C49B2D10EB1E00A32EDF /* Animations */ = {
			isa = PBXFileSystemSynchronizedRootGroup;
			path = Animations;
			sourceTree = "<group>";
		};
		0721C49C2D12E57100A32EDF /* Extenstions */ = {
			isa = PBXFileSystemSynchronizedRootGroup;
			path = Extenstions;
			sourceTree = "<group>";
		};
/* End PBXFileSystemSynchronizedRootGroup section */

/* Begin PBXFrameworksBuildPhase section */
		0721C42B2D07489D00A32EDF /* Frameworks */ = {
			isa = PBXFrameworksBuildPhase;
			buildActionMask = 2147483647;
			files = (
			);
			runOnlyForDeploymentPostprocessing = 0;
		};
/* End PBXFrameworksBuildPhase section */

/* Begin PBXGroup section */
		0721C4252D07489D00A32EDF = {
			isa = PBXGroup;
			children = (
				0721C4442D0748A700A32EDF /* Karmon */,
				0721C42F2D07489D00A32EDF /* Products */,
			);
			sourceTree = "<group>";
		};
		0721C42F2D07489D00A32EDF /* Products */ = {
			isa = PBXGroup;
			children = (
				0721C42E2D07489D00A32EDF /* Karmon.app */,
			);
			name = Products;
			sourceTree = "<group>";
		};
		0721C4402D0748A700A32EDF /* Preview Content */ = {
			isa = PBXGroup;
			children = (
				0721C43F2D0748A700A32EDF /* Preview Assets.xcassets */,
			);
			path = "Preview Content";
			sourceTree = "<group>";
		};
		0721C4442D0748A700A32EDF /* Karmon */ = {
			isa = PBXGroup;
			children = (
				0721C49C2D12E57100A32EDF /* Extenstions */,
				0721C49B2D10EB1E00A32EDF /* Animations */,
				0721C44E2D0748CB00A32EDF /* Models */,
				0721C44D2D0748CB00A32EDF /* Views */,
				0721C4942D0AE46600A32EDF /* ViewModels */,
				0721C4722D09877E00A32EDF /* Components */,
				0721C46C2D0871A400A32EDF /* AppIntents */,
				0721C4402D0748A700A32EDF /* Preview Content */,
				0721C4412D0748A700A32EDF /* Assets.xcassets */,
				0721C4432D0748A700A32EDF /* KarmonApp.swift */,
			);
			path = Karmon;
			sourceTree = "<group>";
		};
		0721C44D2D0748CB00A32EDF /* Views */ = {
			isa = PBXGroup;
			children = (
				0721C4422D0748A700A32EDF /* ContentView.swift */,
				0721C4992D10640F00A32EDF /* SettingsView.swift */,
				0721C4512D074E5E00A32EDF /* TransactionsView.swift */,
				0721C4532D07501000A32EDF /* AddTransactionSheetView.swift */,
			);
			path = Views;
			sourceTree = "<group>";
		};
		0721C44E2D0748CB00A32EDF /* Models */ = {
			isa = PBXGroup;
			children = (
				0721C44F2D0748FE00A32EDF /* Transaction.swift */,
			);
			path = Models;
			sourceTree = "<group>";
		};
		0721C46C2D0871A400A32EDF /* AppIntents */ = {
			isa = PBXGroup;
			children = (
				0721C46D2D0871D400A32EDF /* AddTransactionIntent.swift */,
				0721C4972D103CBC00A32EDF /* KarmonShortcutProvider.swift */,
			);
			path = AppIntents;
			sourceTree = "<group>";
		};
		0721C4722D09877E00A32EDF /* Components */ = {
			isa = PBXGroup;
			children = (
				0721C4712D09877E00A32EDF /* TransactionCellView.swift */,
			);
			path = Components;
			sourceTree = "<group>";
		};
		0721C4942D0AE46600A32EDF /* ViewModels */ = {
			isa = PBXGroup;
			children = (
				0721C4952D0AE48600A32EDF /* TransactionViewModel.swift */,
			);
			path = ViewModels;
			sourceTree = "<group>";
		};
/* End PBXGroup section */

/* Begin PBXNativeTarget section */
		0721C42D2D07489D00A32EDF /* Karmon */ = {
			isa = PBXNativeTarget;
			buildConfigurationList = 0721C43C2D07489E00A32EDF /* Build configuration list for PBXNativeTarget "Karmon" */;
			buildPhases = (
				0721C42A2D07489D00A32EDF /* Sources */,
				0721C42B2D07489D00A32EDF /* Frameworks */,
				0721C42C2D07489D00A32EDF /* Resources */,
			);
			buildRules = (
			);
			dependencies = (
			);
			fileSystemSynchronizedGroups = (
				0721C49B2D10EB1E00A32EDF /* Animations */,
				0721C49C2D12E57100A32EDF /* Extenstions */,
			);
			name = Karmon;
			packageProductDependencies = (
			);
			productName = Karmon;
			productReference = 0721C42E2D07489D00A32EDF /* Karmon.app */;
			productType = "com.apple.product-type.application";
		};
/* End PBXNativeTarget section */

/* Begin PBXProject section */
		0721C4262D07489D00A32EDF /* Project object */ = {
			isa = PBXProject;
			attributes = {
				BuildIndependentTargetsInParallel = 1;
				LastSwiftUpdateCheck = 1600;
				LastUpgradeCheck = 1600;
				TargetAttributes = {
					0721C42D2D07489D00A32EDF = {
						CreatedOnToolsVersion = 16.0;
					};
				};
			};
			buildConfigurationList = 0721C4292D07489D00A32EDF /* Build configuration list for PBXProject "Karmon" */;
			developmentRegion = en;
			hasScannedForEncodings = 0;
			knownRegions = (
				en,
				Base,
			);
			mainGroup = 0721C4252D07489D00A32EDF;
			minimizedProjectReferenceProxies = 1;
			preferredProjectObjectVersion = 77;
			productRefGroup = 0721C42F2D07489D00A32EDF /* Products */;
			projectDirPath = "";
			projectRoot = "";
			targets = (
				0721C42D2D07489D00A32EDF /* Karmon */,
			);
		};
/* End PBXProject section */

/* Begin PBXResourcesBuildPhase section */
		0721C42C2D07489D00A32EDF /* Resources */ = {
			isa = PBXResourcesBuildPhase;
			buildActionMask = 2147483647;
			files = (
				0721C4472D0748A700A32EDF /* Preview Assets.xcassets in Resources */,
				0721C4482D0748A700A32EDF /* Assets.xcassets in Resources */,
			);
			runOnlyForDeploymentPostprocessing = 0;
		};
/* End PBXResourcesBuildPhase section */

/* Begin PBXSourcesBuildPhase section */
		0721C42A2D07489D00A32EDF /* Sources */ = {
			isa = PBXSourcesBuildPhase;
			buildActionMask = 2147483647;
			files = (
				0721C4452D0748A700A32EDF /* ContentView.swift in Sources */,
				0721C46E2D0871D400A32EDF /* AddTransactionIntent.swift in Sources */,
				0721C4542D07501000A32EDF /* AddTransactionSheetView.swift in Sources */,
				0721C4522D074E5E00A32EDF /* TransactionsView.swift in Sources */,
				0721C4462D0748A700A32EDF /* KarmonApp.swift in Sources */,
				0721C49A2D10640F00A32EDF /* SettingsView.swift in Sources */,
				0721C4982D103CBC00A32EDF /* KarmonShortcutProvider.swift in Sources */,
				0721C4732D09877E00A32EDF /* TransactionCellView.swift in Sources */,
				0721C4502D0748FE00A32EDF /* Transaction.swift in Sources */,
				0721C4962D0AE48600A32EDF /* TransactionViewModel.swift in Sources */,
			);
			runOnlyForDeploymentPostprocessing = 0;
		};
/* End PBXSourcesBuildPhase section */

/* Begin XCBuildConfiguration section */
		0721C43A2D07489E00A32EDF /* Debug */ = {
			isa = XCBuildConfiguration;
			buildSettings = {
				ALWAYS_SEARCH_USER_PATHS = NO;
				ASSETCATALOG_COMPILER_GENERATE_SWIFT_ASSET_SYMBOL_EXTENSIONS = YES;
				CLANG_ANALYZER_NONNULL = YES;
				CLANG_ANALYZER_NUMBER_OBJECT_CONVERSION = YES_AGGRESSIVE;
				CLANG_CXX_LANGUAGE_STANDARD = "gnu++20";
				CLANG_ENABLE_MODULES = YES;
				CLANG_ENABLE_OBJC_ARC = YES;
				CLANG_ENABLE_OBJC_WEAK = YES;
				CLANG_WARN_BLOCK_CAPTURE_AUTORELEASING = YES;
				CLANG_WARN_BOOL_CONVERSION = YES;
				CLANG_WARN_COMMA = YES;
				CLANG_WARN_CONSTANT_CONVERSION = YES;
				CLANG_WARN_DEPRECATED_OBJC_IMPLEMENTATIONS = YES;
				CLANG_WARN_DIRECT_OBJC_ISA_USAGE = YES_ERROR;
				CLANG_WARN_DOCUMENTATION_COMMENTS = YES;
				CLANG_WARN_EMPTY_BODY = YES;
				CLANG_WARN_ENUM_CONVERSION = YES;
				CLANG_WARN_INFINITE_RECURSION = YES;
				CLANG_WARN_INT_CONVERSION = YES;
				CLANG_WARN_NON_LITERAL_NULL_CONVERSION = YES;
				CLANG_WARN_OBJC_IMPLICIT_RETAIN_SELF = YES;
				CLANG_WARN_OBJC_LITERAL_CONVERSION = YES;
				CLANG_WARN_OBJC_ROOT_CLASS = YES_ERROR;
				CLANG_WARN_QUOTED_INCLUDE_IN_FRAMEWORK_HEADER = YES;
				CLANG_WARN_RANGE_LOOP_ANALYSIS = YES;
				CLANG_WARN_STRICT_PROTOTYPES = YES;
				CLANG_WARN_SUSPICIOUS_MOVE = YES;
				CLANG_WARN_UNGUARDED_AVAILABILITY = YES_AGGRESSIVE;
				CLANG_WARN_UNREACHABLE_CODE = YES;
				CLANG_WARN__DUPLICATE_METHOD_MATCH = YES;
				COPY_PHASE_STRIP = NO;
				DEBUG_INFORMATION_FORMAT = dwarf;
				ENABLE_STRICT_OBJC_MSGSEND = YES;
				ENABLE_TESTABILITY = YES;
				ENABLE_USER_SCRIPT_SANDBOXING = YES;
				GCC_C_LANGUAGE_STANDARD = gnu17;
				GCC_DYNAMIC_NO_PIC = NO;
				GCC_NO_COMMON_BLOCKS = YES;
				GCC_OPTIMIZATION_LEVEL = 0;
				GCC_PREPROCESSOR_DEFINITIONS = (
					"DEBUG=1",
					"$(inherited)",
				);
				GCC_WARN_64_TO_32_BIT_CONVERSION = YES;
				GCC_WARN_ABOUT_RETURN_TYPE = YES_ERROR;
				GCC_WARN_UNDECLARED_SELECTOR = YES;
				GCC_WARN_UNINITIALIZED_AUTOS = YES_AGGRESSIVE;
				GCC_WARN_UNUSED_FUNCTION = YES;
				GCC_WARN_UNUSED_VARIABLE = YES;
				IPHONEOS_DEPLOYMENT_TARGET = 18.0;
				LOCALIZATION_PREFERS_STRING_CATALOGS = YES;
				MTL_ENABLE_DEBUG_INFO = INCLUDE_SOURCE;
				MTL_FAST_MATH = YES;
				ONLY_ACTIVE_ARCH = YES;
				SDKROOT = iphoneos;
				SWIFT_ACTIVE_COMPILATION_CONDITIONS = "DEBUG $(inherited)";
				SWIFT_OPTIMIZATION_LEVEL = "-Onone";
			};
			name = Debug;
		};
		0721C43B2D07489E00A32EDF /* Release */ = {
			isa = XCBuildConfiguration;
			buildSettings = {
				ALWAYS_SEARCH_USER_PATHS = NO;
				ASSETCATALOG_COMPILER_GENERATE_SWIFT_ASSET_SYMBOL_EXTENSIONS = YES;
				CLANG_ANALYZER_NONNULL = YES;
				CLANG_ANALYZER_NUMBER_OBJECT_CONVERSION = YES_AGGRESSIVE;
				CLANG_CXX_LANGUAGE_STANDARD = "gnu++20";
				CLANG_ENABLE_MODULES = YES;
				CLANG_ENABLE_OBJC_ARC = YES;
				CLANG_ENABLE_OBJC_WEAK = YES;
				CLANG_WARN_BLOCK_CAPTURE_AUTORELEASING = YES;
				CLANG_WARN_BOOL_CONVERSION = YES;
				CLANG_WARN_COMMA = YES;
				CLANG_WARN_CONSTANT_CONVERSION = YES;
				CLANG_WARN_DEPRECATED_OBJC_IMPLEMENTATIONS = YES;
				CLANG_WARN_DIRECT_OBJC_ISA_USAGE = YES_ERROR;
				CLANG_WARN_DOCUMENTATION_COMMENTS = YES;
				CLANG_WARN_EMPTY_BODY = YES;
				CLANG_WARN_ENUM_CONVERSION = YES;
				CLANG_WARN_INFINITE_RECURSION = YES;
				CLANG_WARN_INT_CONVERSION = YES;
				CLANG_WARN_NON_LITERAL_NULL_CONVERSION = YES;
				CLANG_WARN_OBJC_IMPLICIT_RETAIN_SELF = YES;
				CLANG_WARN_OBJC_LITERAL_CONVERSION = YES;
				CLANG_WARN_OBJC_ROOT_CLASS = YES_ERROR;
				CLANG_WARN_QUOTED_INCLUDE_IN_FRAMEWORK_HEADER = YES;
				CLANG_WARN_RANGE_LOOP_ANALYSIS = YES;
				CLANG_WARN_STRICT_PROTOTYPES = YES;
				CLANG_WARN_SUSPICIOUS_MOVE = YES;
				CLANG_WARN_UNGUARDED_AVAILABILITY = YES_AGGRESSIVE;
				CLANG_WARN_UNREACHABLE_CODE = YES;
				CLANG_WARN__DUPLICATE_METHOD_MATCH = YES;
				COPY_PHASE_STRIP = NO;
				DEBUG_INFORMATION_FORMAT = "dwarf-with-dsym";
				ENABLE_NS_ASSERTIONS = NO;
				ENABLE_STRICT_OBJC_MSGSEND = YES;
				ENABLE_USER_SCRIPT_SANDBOXING = YES;
				GCC_C_LANGUAGE_STANDARD = gnu17;
				GCC_NO_COMMON_BLOCKS = YES;
				GCC_WARN_64_TO_32_BIT_CONVERSION = YES;
				GCC_WARN_ABOUT_RETURN_TYPE = YES_ERROR;
				GCC_WARN_UNDECLARED_SELECTOR = YES;
				GCC_WARN_UNINITIALIZED_AUTOS = YES_AGGRESSIVE;
				GCC_WARN_UNUSED_FUNCTION = YES;
				GCC_WARN_UNUSED_VARIABLE = YES;
				IPHONEOS_DEPLOYMENT_TARGET = 18.0;
				LOCALIZATION_PREFERS_STRING_CATALOGS = YES;
				MTL_ENABLE_DEBUG_INFO = NO;
				MTL_FAST_MATH = YES;
				SDKROOT = iphoneos;
				SWIFT_COMPILATION_MODE = wholemodule;
				VALIDATE_PRODUCT = YES;
			};
			name = Release;
		};
		0721C43D2D07489E00A32EDF /* Debug */ = {
			isa = XCBuildConfiguration;
			buildSettings = {
				ASSETCATALOG_COMPILER_APPICON_NAME = AppIcon;
				ASSETCATALOG_COMPILER_GLOBAL_ACCENT_COLOR_NAME = AccentColor;
				CODE_SIGN_ENTITLEMENTS = Karmon/KarmonDebug.entitlements;
				CODE_SIGN_STYLE = Automatic;
				CURRENT_PROJECT_VERSION = 1;
				DEVELOPMENT_ASSET_PATHS = "\"Karmon/Preview Content\"";
				DEVELOPMENT_TEAM = BYX59FAGA5;
				ENABLE_PREVIEWS = YES;
				GENERATE_INFOPLIST_FILE = YES;
				INFOPLIST_FILE = Karmon/Info.plist;
				INFOPLIST_KEY_UIApplicationSceneManifest_Generation = YES;
				INFOPLIST_KEY_UIApplicationSupportsIndirectInputEvents = YES;
				INFOPLIST_KEY_UILaunchScreen_Generation = YES;
				INFOPLIST_KEY_UISupportedInterfaceOrientations_iPad = "UIInterfaceOrientationPortrait UIInterfaceOrientationPortraitUpsideDown UIInterfaceOrientationLandscapeLeft UIInterfaceOrientationLandscapeRight";
				INFOPLIST_KEY_UISupportedInterfaceOrientations_iPhone = "UIInterfaceOrientationPortrait UIInterfaceOrientationLandscapeLeft UIInterfaceOrientationLandscapeRight";
				LD_RUNPATH_SEARCH_PATHS = (
					"$(inherited)",
					"@executable_path/Frameworks",
				);
				MARKETING_VERSION = 1.0;
				PRODUCT_BUNDLE_IDENTIFIER = com.abdusamad.Karmon;
				PRODUCT_NAME = "$(TARGET_NAME)";
				SWIFT_EMIT_LOC_STRINGS = YES;
				SWIFT_VERSION = 5.0;
				TARGETED_DEVICE_FAMILY = "1,2";
			};
			name = Debug;
		};
		0721C43E2D07489E00A32EDF /* Release */ = {
			isa = XCBuildConfiguration;
			buildSettings = {
				ASSETCATALOG_COMPILER_APPICON_NAME = AppIcon;
				ASSETCATALOG_COMPILER_GLOBAL_ACCENT_COLOR_NAME = AccentColor;
				CODE_SIGN_ENTITLEMENTS = Karmon/Karmon.entitlements;
				CODE_SIGN_STYLE = Automatic;
				CURRENT_PROJECT_VERSION = 1;
				DEVELOPMENT_ASSET_PATHS = "\"Karmon/Preview Content\"";
				DEVELOPMENT_TEAM = BYX59FAGA5;
				ENABLE_PREVIEWS = YES;
				GENERATE_INFOPLIST_FILE = YES;
				INFOPLIST_FILE = Karmon/Info.plist;
				INFOPLIST_KEY_UIApplicationSceneManifest_Generation = YES;
				INFOPLIST_KEY_UIApplicationSupportsIndirectInputEvents = YES;
				INFOPLIST_KEY_UILaunchScreen_Generation = YES;
				INFOPLIST_KEY_UISupportedInterfaceOrientations_iPad = "UIInterfaceOrientationPortrait UIInterfaceOrientationPortraitUpsideDown UIInterfaceOrientationLandscapeLeft UIInterfaceOrientationLandscapeRight";
				INFOPLIST_KEY_UISupportedInterfaceOrientations_iPhone = "UIInterfaceOrientationPortrait UIInterfaceOrientationLandscapeLeft UIInterfaceOrientationLandscapeRight";
				LD_RUNPATH_SEARCH_PATHS = (
					"$(inherited)",
					"@executable_path/Frameworks",
				);
				MARKETING_VERSION = 1.0;
				PRODUCT_BUNDLE_IDENTIFIER = com.abdusamad.Karmon;
				PRODUCT_NAME = "$(TARGET_NAME)";
				SWIFT_EMIT_LOC_STRINGS = YES;
				SWIFT_VERSION = 5.0;
				TARGETED_DEVICE_FAMILY = "1,2";
			};
			name = Release;
		};
/* End XCBuildConfiguration section */

/* Begin XCConfigurationList section */
		0721C4292D07489D00A32EDF /* Build configuration list for PBXProject "Karmon" */ = {
			isa = XCConfigurationList;
			buildConfigurations = (
				0721C43A2D07489E00A32EDF /* Debug */,
				0721C43B2D07489E00A32EDF /* Release */,
			);
			defaultConfigurationIsVisible = 0;
			defaultConfigurationName = Release;
		};
		0721C43C2D07489E00A32EDF /* Build configuration list for PBXNativeTarget "Karmon" */ = {
			isa = XCConfigurationList;
			buildConfigurations = (
				0721C43D2D07489E00A32EDF /* Debug */,
				0721C43E2D07489E00A32EDF /* Release */,
			);
			defaultConfigurationIsVisible = 0;
			defaultConfigurationName = Release;
		};
/* End XCConfigurationList section */
	};
	rootObject = 0721C4262D07489D00A32EDF /* Project object */;
}
